
Microsoft Visual Studio Solution File, Format Version 12.00
# Visual Studio Version 17
VisualStudioVersion = 17.4.33205.214
MinimumVisualStudioVersion = 10.0.40219.1
Project("{FAE04EC0-301F-11D3-BF4B-00C04F79EFBC}") = "finalprojecาshopassetsery", "finalprojecาshopassetsery\finalprojecาshopassetsery.csproj", "{70E60938-5771-4B6C-B8FC-83F4CCD963B1}"
EndProject
Global
	GlobalSection(SolutionConfigurationPlatforms) = preSolution
		Debug|Any CPU = Debug|Any CPU
		Release|Any CPU = Release|Any CPU
	EndGlobalSection
	GlobalSection(ProjectConfigurationPlatforms) = postSolution
		{70E60938-5771-4B6C-B8FC-83F4CCD963B1}.Debug|Any CPU.ActiveCfg = Debug|Any CPU
		{70E60938-5771-4B6C-B8FC-83F4CCD963B1}.Debug|Any CPU.Build.0 = Debug|Any CPU
		{70E60938-5771-4B6C-B8FC-83F4CCD963B1}.Release|Any CPU.ActiveCfg = Release|Any CPU
		{70E60938-5771-4B6C-B8FC-83F4CCD963B1}.Release|Any CPU.Build.0 = Release|Any CPU
	EndGlobalSection
	GlobalSection(SolutionProperties) = preSolution
		HideSolutionNode = FALSE
	EndGlobalSection
	GlobalSection(ExtensibilityGlobals) = postSolution
		SolutionGuid = {2801E3FC-D0E4-4B80-AF17-532FBF9B621A}
	EndGlobalSection
EndGlobal
